dependencies:
- name: postgresql
  repository: https://kubernetes-charts.storage.googleapis.com/
  version: ~3.9.0
- name: mercure
  repository: https://kubernetes-charts.storage.googleapis.com/
  version: ~1.0.0
digest: sha256:86aed7952be2596789e4a95e150c25ddf13adf6400bd6d7eac70396c1e6c68e8
generated: "2020-03-30T14:56:41.241903+07:00"
